
Microsoft Visual Studio Solution File, Format Version 12.00
# Visual Studio Version 17
VisualStudioVersion = 17.8.34330.188
MinimumVisualStudioVersion = 10.0.40219.1
Project("{9A19103F-16F7-4668-BE54-9A1E7A4F7556}") = "Leave App.Model", "Leave App.Model\Leave App.Model.csproj", "{72F80D60-A904-4C00-973A-6EC2DB5BDB33}"
EndProject
Project("{9A19103F-16F7-4668-BE54-9A1E7A4F7556}") = "LeeaveApp.Logic", "LeeaveApp.Logic\LeeaveApp.Logic.csproj", "{7335CC7F-5FEA-4724-9E5E-1E1C7ADE6152}"
EndProject
Project("{9A19103F-16F7-4668-BE54-9A1E7A4F7556}") = "LeaveApp.API", "LeaveApp.API\LeaveApp.API.csproj", "{F6DFAA7D-0C15-408B-AEA2-7962E36E859C}"
EndProject
Project("{9A19103F-16F7-4668-BE54-9A1E7A4F7556}") = "DataMigration", "DataMigration\DataMigration.csproj", "{50E579F9-0674-4E02-9C0E-7BFEE0956A93}"
EndProject
Global
	GlobalSection(SolutionConfigurationPlatforms) = preSolution
		Debug|Any CPU = Debug|Any CPU
		Release|Any CPU = Release|Any CPU
	EndGlobalSection
	GlobalSection(ProjectConfigurationPlatforms) = postSolution
		{72F80D60-A904-4C00-973A-6EC2DB5BDB33}.Debug|Any CPU.ActiveCfg = Debug|Any CPU
		{72F80D60-A904-4C00-973A-6EC2DB5BDB33}.Debug|Any CPU.Build.0 = Debug|Any CPU
		{72F80D60-A904-4C00-973A-6EC2DB5BDB33}.Release|Any CPU.ActiveCfg = Release|Any CPU
		{72F80D60-A904-4C00-973A-6EC2DB5BDB33}.Release|Any CPU.Build.0 = Release|Any CPU
		{7335CC7F-5FEA-4724-9E5E-1E1C7ADE6152}.Debug|Any CPU.ActiveCfg = Debug|Any CPU
		{7335CC7F-5FEA-4724-9E5E-1E1C7ADE6152}.Debug|Any CPU.Build.0 = Debug|Any CPU
		{7335CC7F-5FEA-4724-9E5E-1E1C7ADE6152}.Release|Any CPU.ActiveCfg = Release|Any CPU
		{7335CC7F-5FEA-4724-9E5E-1E1C7ADE6152}.Release|Any CPU.Build.0 = Release|Any CPU
		{F6DFAA7D-0C15-408B-AEA2-7962E36E859C}.Debug|Any CPU.ActiveCfg = Debug|Any CPU
		{F6DFAA7D-0C15-408B-AEA2-7962E36E859C}.Debug|Any CPU.Build.0 = Debug|Any CPU
		{F6DFAA7D-0C15-408B-AEA2-7962E36E859C}.Release|Any CPU.ActiveCfg = Release|Any CPU
		{F6DFAA7D-0C15-408B-AEA2-7962E36E859C}.Release|Any CPU.Build.0 = Release|Any CPU
		{50E579F9-0674-4E02-9C0E-7BFEE0956A93}.Debug|Any CPU.ActiveCfg = Debug|Any CPU
		{50E579F9-0674-4E02-9C0E-7BFEE0956A93}.Debug|Any CPU.Build.0 = Debug|Any CPU
		{50E579F9-0674-4E02-9C0E-7BFEE0956A93}.Release|Any CPU.ActiveCfg = Release|Any CPU
		{50E579F9-0674-4E02-9C0E-7BFEE0956A93}.Release|Any CPU.Build.0 = Release|Any CPU
	EndGlobalSection
	GlobalSection(SolutionProperties) = preSolution
		HideSolutionNode = FALSE
	EndGlobalSection
	GlobalSection(ExtensibilityGlobals) = postSolution
		SolutionGuid = {AF483063-9AA2-46A7-9F8B-7D5B762C64B9}
	EndGlobalSection
EndGlobal
